
Microsoft Visual Studio Solution File, Format Version 12.00
# Visual Studio Version 17
VisualStudioVersion = 17.2.32630.192
MinimumVisualStudioVersion = 10.0.40219.1
Project("{2150E333-8FDC-42A3-9474-1A3956D46DE8}") = "src", "src", "{7093F8C3-02D1-4C12-A4C3-92EB7BF3437D}"
EndProject
Project("{9A19103F-16F7-4668-BE54-9A1E7A4F7556}") = "Web", "Web\Web.csproj", "{5C135D1F-3949-4679-98C3-35EE9F98DABE}"
EndProject
Project("{9A19103F-16F7-4668-BE54-9A1E7A4F7556}") = "Services", "Services\Services.csproj", "{D23C3971-DB41-4034-8026-F85500FB8185}"
EndProject
Project("{9A19103F-16F7-4668-BE54-9A1E7A4F7556}") = "Data", "Data\Data.csproj", "{51B3FE87-929F-4C9D-9A93-EC4DE09353D0}"
EndProject
Project("{9A19103F-16F7-4668-BE54-9A1E7A4F7556}") = "Model.Response", "Model.Response\Model.Response.csproj", "{FCE21F79-90D9-4546-8A58-30E4B3375967}"
EndProject
Project("{9A19103F-16F7-4668-BE54-9A1E7A4F7556}") = "Data.MongoDb", "Data.MongoDb\Data.MongoDb.csproj", "{CAB51050-29DF-4995-80C4-E42B4DFB5E38}"
EndProject
Project("{9A19103F-16F7-4668-BE54-9A1E7A4F7556}") = "Core", "Core\Core.csproj", "{A3431F29-5542-4DA1-8A43-8743380ECAB1}"
EndProject
Project("{9A19103F-16F7-4668-BE54-9A1E7A4F7556}") = "Services.Interfaces", "Services.Interfaces\Services.Interfaces.csproj", "{2329AB01-CB00-40D1-9163-B96862142E40}"
EndProject
Project("{9A19103F-16F7-4668-BE54-9A1E7A4F7556}") = "Common", "Common\Common.csproj", "{6066C6CF-1636-4948-B161-9863C5C3DBCD}"
EndProject
Project("{9A19103F-16F7-4668-BE54-9A1E7A4F7556}") = "Model.Request", "Model.Request\Model.Request.csproj", "{04D7BA63-8A43-4FFF-9E8B-5C6BEBD6649A}"
EndProject
Project("{9A19103F-16F7-4668-BE54-9A1E7A4F7556}") = "Tests", "Tests\Tests.csproj", "{3370B73D-F335-4892-894A-A3942E798395}"
EndProject
Global
	GlobalSection(SolutionConfigurationPlatforms) = preSolution
		Debug|Any CPU = Debug|Any CPU
		Release|Any CPU = Release|Any CPU
	EndGlobalSection
	GlobalSection(ProjectConfigurationPlatforms) = postSolution
		{5C135D1F-3949-4679-98C3-35EE9F98DABE}.Debug|Any CPU.ActiveCfg = Debug|Any CPU
		{5C135D1F-3949-4679-98C3-35EE9F98DABE}.Debug|Any CPU.Build.0 = Debug|Any CPU
		{5C135D1F-3949-4679-98C3-35EE9F98DABE}.Release|Any CPU.ActiveCfg = Release|Any CPU
		{5C135D1F-3949-4679-98C3-35EE9F98DABE}.Release|Any CPU.Build.0 = Release|Any CPU
		{D23C3971-DB41-4034-8026-F85500FB8185}.Debug|Any CPU.ActiveCfg = Debug|Any CPU
		{D23C3971-DB41-4034-8026-F85500FB8185}.Debug|Any CPU.Build.0 = Debug|Any CPU
		{D23C3971-DB41-4034-8026-F85500FB8185}.Release|Any CPU.ActiveCfg = Release|Any CPU
		{D23C3971-DB41-4034-8026-F85500FB8185}.Release|Any CPU.Build.0 = Release|Any CPU
		{51B3FE87-929F-4C9D-9A93-EC4DE09353D0}.Debug|Any CPU.ActiveCfg = Debug|Any CPU
		{51B3FE87-929F-4C9D-9A93-EC4DE09353D0}.Debug|Any CPU.Build.0 = Debug|Any CPU
		{51B3FE87-929F-4C9D-9A93-EC4DE09353D0}.Release|Any CPU.ActiveCfg = Release|Any CPU
		{51B3FE87-929F-4C9D-9A93-EC4DE09353D0}.Release|Any CPU.Build.0 = Release|Any CPU
		{FCE21F79-90D9-4546-8A58-30E4B3375967}.Debug|Any CPU.ActiveCfg = Debug|Any CPU
		{FCE21F79-90D9-4546-8A58-30E4B3375967}.Debug|Any CPU.Build.0 = Debug|Any CPU
		{FCE21F79-90D9-4546-8A58-30E4B3375967}.Release|Any CPU.ActiveCfg = Release|Any CPU
		{FCE21F79-90D9-4546-8A58-30E4B3375967}.Release|Any CPU.Build.0 = Release|Any CPU
		{CAB51050-29DF-4995-80C4-E42B4DFB5E38}.Debug|Any CPU.ActiveCfg = Debug|Any CPU
		{CAB51050-29DF-4995-80C4-E42B4DFB5E38}.Debug|Any CPU.Build.0 = Debug|Any CPU
		{CAB51050-29DF-4995-80C4-E42B4DFB5E38}.Release|Any CPU.ActiveCfg = Release|Any CPU
		{CAB51050-29DF-4995-80C4-E42B4DFB5E38}.Release|Any CPU.Build.0 = Release|Any CPU
		{A3431F29-5542-4DA1-8A43-8743380ECAB1}.Debug|Any CPU.ActiveCfg = Debug|Any CPU
		{A3431F29-5542-4DA1-8A43-8743380ECAB1}.Debug|Any CPU.Build.0 = Debug|Any CPU
		{A3431F29-5542-4DA1-8A43-8743380ECAB1}.Release|Any CPU.ActiveCfg = Release|Any CPU
		{A3431F29-5542-4DA1-8A43-8743380ECAB1}.Release|Any CPU.Build.0 = Release|Any CPU
		{2329AB01-CB00-40D1-9163-B96862142E40}.Debug|Any CPU.ActiveCfg = Debug|Any CPU
		{2329AB01-CB00-40D1-9163-B96862142E40}.Debug|Any CPU.Build.0 = Debug|Any CPU
		{2329AB01-CB00-40D1-9163-B96862142E40}.Release|Any CPU.ActiveCfg = Release|Any CPU
		{2329AB01-CB00-40D1-9163-B96862142E40}.Release|Any CPU.Build.0 = Release|Any CPU
		{6066C6CF-1636-4948-B161-9863C5C3DBCD}.Debug|Any CPU.ActiveCfg = Debug|Any CPU
		{6066C6CF-1636-4948-B161-9863C5C3DBCD}.Debug|Any CPU.Build.0 = Debug|Any CPU
		{6066C6CF-1636-4948-B161-9863C5C3DBCD}.Release|Any CPU.ActiveCfg = Release|Any CPU
		{6066C6CF-1636-4948-B161-9863C5C3DBCD}.Release|Any CPU.Build.0 = Release|Any CPU
		{04D7BA63-8A43-4FFF-9E8B-5C6BEBD6649A}.Debug|Any CPU.ActiveCfg = Debug|Any CPU
		{04D7BA63-8A43-4FFF-9E8B-5C6BEBD6649A}.Debug|Any CPU.Build.0 = Debug|Any CPU
		{04D7BA63-8A43-4FFF-9E8B-5C6BEBD6649A}.Release|Any CPU.ActiveCfg = Release|Any CPU
		{04D7BA63-8A43-4FFF-9E8B-5C6BEBD6649A}.Release|Any CPU.Build.0 = Release|Any CPU
		{3370B73D-F335-4892-894A-A3942E798395}.Debug|Any CPU.ActiveCfg = Debug|Any CPU
		{3370B73D-F335-4892-894A-A3942E798395}.Debug|Any CPU.Build.0 = Debug|Any CPU
		{3370B73D-F335-4892-894A-A3942E798395}.Release|Any CPU.ActiveCfg = Release|Any CPU
		{3370B73D-F335-4892-894A-A3942E798395}.Release|Any CPU.Build.0 = Release|Any CPU
	EndGlobalSection
	GlobalSection(SolutionProperties) = preSolution
		HideSolutionNode = FALSE
	EndGlobalSection
	GlobalSection(NestedProjects) = preSolution
		{5C135D1F-3949-4679-98C3-35EE9F98DABE} = {7093F8C3-02D1-4C12-A4C3-92EB7BF3437D}
		{D23C3971-DB41-4034-8026-F85500FB8185} = {7093F8C3-02D1-4C12-A4C3-92EB7BF3437D}
		{51B3FE87-929F-4C9D-9A93-EC4DE09353D0} = {7093F8C3-02D1-4C12-A4C3-92EB7BF3437D}
		{FCE21F79-90D9-4546-8A58-30E4B3375967} = {7093F8C3-02D1-4C12-A4C3-92EB7BF3437D}
		{CAB51050-29DF-4995-80C4-E42B4DFB5E38} = {7093F8C3-02D1-4C12-A4C3-92EB7BF3437D}
		{A3431F29-5542-4DA1-8A43-8743380ECAB1} = {7093F8C3-02D1-4C12-A4C3-92EB7BF3437D}
		{2329AB01-CB00-40D1-9163-B96862142E40} = {7093F8C3-02D1-4C12-A4C3-92EB7BF3437D}
		{6066C6CF-1636-4948-B161-9863C5C3DBCD} = {7093F8C3-02D1-4C12-A4C3-92EB7BF3437D}
		{04D7BA63-8A43-4FFF-9E8B-5C6BEBD6649A} = {7093F8C3-02D1-4C12-A4C3-92EB7BF3437D}
	EndGlobalSection
	GlobalSection(ExtensibilityGlobals) = postSolution
		SolutionGuid = {CE980730-6CC1-43E2-82F8-0E47BE161B20}
	EndGlobalSection
EndGlobal
